
Microsoft Visual Studio Solution File, Format Version 12.00
# Visual Studio Version 17
VisualStudioVersion = 17.8.34330.188
MinimumVisualStudioVersion = 10.0.40219.1
Project("{FAE04EC0-301F-11D3-BF4B-00C04F79EFBC}") = "WebApplication9", "WebApplication9\WebApplication9.csproj", "{0ABAAFBF-87D8-4F66-9BC7-C0F48729EA75}"
EndProject
Global
	GlobalSection(SolutionConfigurationPlatforms) = preSolution
		Debug|Any CPU = Debug|Any CPU
		Release|Any CPU = Release|Any CPU
	EndGlobalSection
	GlobalSection(ProjectConfigurationPlatforms) = postSolution
		{0ABAAFBF-87D8-4F66-9BC7-C0F48729EA75}.Debug|Any CPU.ActiveCfg = Debug|Any CPU
		{0ABAAFBF-87D8-4F66-9BC7-C0F48729EA75}.Debug|Any CPU.Build.0 = Debug|Any CPU
		{0ABAAFBF-87D8-4F66-9BC7-C0F48729EA75}.Release|Any CPU.ActiveCfg = Release|Any CPU
		{0ABAAFBF-87D8-4F66-9BC7-C0F48729EA75}.Release|Any CPU.Build.0 = Release|Any CPU
	EndGlobalSection
	GlobalSection(SolutionProperties) = preSolution
		HideSolutionNode = FALSE
	EndGlobalSection
	GlobalSection(ExtensibilityGlobals) = postSolution
		SolutionGuid = {5A6CDE34-622E-4267-9406-50135A7357FF}
	EndGlobalSection
EndGlobal
